
Microsoft Visual Studio Solution File, Format Version 12.00
# Visual Studio Version 17
VisualStudioVersion = 17.7.34024.191
MinimumVisualStudioVersion = 10.0.40219.1
Project("{FAE04EC0-301F-11D3-BF4B-00C04F79EFBC}") = "TransactionAPI", "TransactionAPI\TransactionAPI.csproj", "{6E567FDA-09CA-468B-96CC-56CE51CEFBBA}"
EndProject
Global
	GlobalSection(SolutionConfigurationPlatforms) = preSolution
		Debug|Any CPU = Debug|Any CPU
		Release|Any CPU = Release|Any CPU
	EndGlobalSection
	GlobalSection(ProjectConfigurationPlatforms) = postSolution
		{6E567FDA-09CA-468B-96CC-56CE51CEFBBA}.Debug|Any CPU.ActiveCfg = Debug|Any CPU
		{6E567FDA-09CA-468B-96CC-56CE51CEFBBA}.Debug|Any CPU.Build.0 = Debug|Any CPU
		{6E567FDA-09CA-468B-96CC-56CE51CEFBBA}.Release|Any CPU.ActiveCfg = Release|Any CPU
		{6E567FDA-09CA-468B-96CC-56CE51CEFBBA}.Release|Any CPU.Build.0 = Release|Any CPU
	EndGlobalSection
	GlobalSection(SolutionProperties) = preSolution
		HideSolutionNode = FALSE
	EndGlobalSection
	GlobalSection(ExtensibilityGlobals) = postSolution
		SolutionGuid = {A38CD02F-F598-4F8B-9E28-F50C2E327850}
	EndGlobalSection
EndGlobal
